
Microsoft Visual Studio Solution File, Format Version 12.00
# Visual Studio Version 16
VisualStudioVersion = 16.0.31019.35
MinimumVisualStudioVersion = 10.0.40219.1
Project("{FAE04EC0-301F-11D3-BF4B-00C04F79EFBC}") = "UC3_CheckTheComparison", "UC3_CheckTheComparison\UC3_CheckTheComparison.csproj", "{61B9EDCB-B0C9-4B59-BE84-A0A29B2BBBCB}"
EndProject
Global
	GlobalSection(SolutionConfigurationPlatforms) = preSolution
		Debug|Any CPU = Debug|Any CPU
		Release|Any CPU = Release|Any CPU
	EndGlobalSection
	GlobalSection(ProjectConfigurationPlatforms) = postSolution
		{61B9EDCB-B0C9-4B59-BE84-A0A29B2BBBCB}.Debug|Any CPU.ActiveCfg = Debug|Any CPU
		{61B9EDCB-B0C9-4B59-BE84-A0A29B2BBBCB}.Debug|Any CPU.Build.0 = Debug|Any CPU
		{61B9EDCB-B0C9-4B59-BE84-A0A29B2BBBCB}.Release|Any CPU.ActiveCfg = Release|Any CPU
		{61B9EDCB-B0C9-4B59-BE84-A0A29B2BBBCB}.Release|Any CPU.Build.0 = Release|Any CPU
	EndGlobalSection
	GlobalSection(SolutionProperties) = preSolution
		HideSolutionNode = FALSE
	EndGlobalSection
	GlobalSection(ExtensibilityGlobals) = postSolution
		SolutionGuid = {0C88535E-6583-45D0-A5EC-AB44729B6FF4}
	EndGlobalSection
EndGlobal
